
Microsoft Visual Studio Solution File, Format Version 12.00
# Visual Studio Version 17
VisualStudioVersion = 17.9.34622.214
MinimumVisualStudioVersion = 10.0.40219.1
Project("{FAE04EC0-301F-11D3-BF4B-00C04F79EFBC}") = "project.Server", "project.Server\project.Server.csproj", "{F1AF4E7A-B65C-476D-9F71-EAA6A68ED173}"
EndProject
Project("{54A90642-561A-4BB1-A94E-469ADEE60C69}") = "project.client", "project.client\project.client.esproj", "{9E108400-E8BD-4D07-905B-27FB50BF3031}"
EndProject
Global
	GlobalSection(SolutionConfigurationPlatforms) = preSolution
		Debug|Any CPU = Debug|Any CPU
		Release|Any CPU = Release|Any CPU
	EndGlobalSection
	GlobalSection(ProjectConfigurationPlatforms) = postSolution
		{F1AF4E7A-B65C-476D-9F71-EAA6A68ED173}.Debug|Any CPU.ActiveCfg = Debug|Any CPU
		{F1AF4E7A-B65C-476D-9F71-EAA6A68ED173}.Debug|Any CPU.Build.0 = Debug|Any CPU
		{F1AF4E7A-B65C-476D-9F71-EAA6A68ED173}.Release|Any CPU.ActiveCfg = Release|Any CPU
		{F1AF4E7A-B65C-476D-9F71-EAA6A68ED173}.Release|Any CPU.Build.0 = Release|Any CPU
		{9E108400-E8BD-4D07-905B-27FB50BF3031}.Debug|Any CPU.ActiveCfg = Debug|Any CPU
		{9E108400-E8BD-4D07-905B-27FB50BF3031}.Debug|Any CPU.Build.0 = Debug|Any CPU
		{9E108400-E8BD-4D07-905B-27FB50BF3031}.Debug|Any CPU.Deploy.0 = Debug|Any CPU
		{9E108400-E8BD-4D07-905B-27FB50BF3031}.Release|Any CPU.ActiveCfg = Release|Any CPU
		{9E108400-E8BD-4D07-905B-27FB50BF3031}.Release|Any CPU.Build.0 = Release|Any CPU
		{9E108400-E8BD-4D07-905B-27FB50BF3031}.Release|Any CPU.Deploy.0 = Release|Any CPU
	EndGlobalSection
	GlobalSection(SolutionProperties) = preSolution
		HideSolutionNode = FALSE
	EndGlobalSection
	GlobalSection(ExtensibilityGlobals) = postSolution
		SolutionGuid = {BD3296B0-67F1-41D9-A8BE-2E5539D2899D}
	EndGlobalSection
EndGlobal
